
Microsoft Visual Studio Solution File, Format Version 12.00
# Visual Studio Version 16
VisualStudioVersion = 16.0.809.0
MinimumVisualStudioVersion = 10.0.40219.1
Project("{FAE04EC0-301F-11D3-BF4B-00C04F79EFBC}") = "ExperimentingWithControls", "ExperimentingWithControls\ExperimentingWithControls.csproj", "{14B8836D-DBD7-4107-AF5E-76A010405271}"
EndProject
Global
	GlobalSection(SolutionConfigurationPlatforms) = preSolution
		Debug|Any CPU = Debug|Any CPU
		Release|Any CPU = Release|Any CPU
	EndGlobalSection
	GlobalSection(ProjectConfigurationPlatforms) = postSolution
		{14B8836D-DBD7-4107-AF5E-76A010405271}.Debug|Any CPU.ActiveCfg = Debug|Any CPU
		{14B8836D-DBD7-4107-AF5E-76A010405271}.Debug|Any CPU.Build.0 = Debug|Any CPU
		{14B8836D-DBD7-4107-AF5E-76A010405271}.Release|Any CPU.ActiveCfg = Release|Any CPU
		{14B8836D-DBD7-4107-AF5E-76A010405271}.Release|Any CPU.Build.0 = Release|Any CPU
	EndGlobalSection
	GlobalSection(SolutionProperties) = preSolution
		HideSolutionNode = FALSE
	EndGlobalSection
	GlobalSection(ExtensibilityGlobals) = postSolution
		SolutionGuid = {F1CCD369-C243-4272-B8EC-9CB27C540B88}
	EndGlobalSection
EndGlobal
